// !$*UTF8*$!
{
	archiveVersion = 1;
	classes = {
	};
	objectVersion = 51;
	objects = {

/* Begin PBXBuildFile section */
		0485210F26B43A9500BB62F9 /* AppDelegate.swift in Sources */ = {isa = PBXBuildFile; fileRef = 0485210E26B43A9500BB62F9 /* AppDelegate.swift */; };
		0485211126B43A9500BB62F9 /* SceneDelegate.swift in Sources */ = {isa = PBXBuildFile; fileRef = 0485211026B43A9500BB62F9 /* SceneDelegate.swift */; };
		0485211626B43A9500BB62F9 /* Main.storyboard in Resources */ = {isa = PBXBuildFile; fileRef = 0485211426B43A9500BB62F9 /* Main.storyboard */; };
		0485211826B43A9600BB62F9 /* Assets.xcassets in Resources */ = {isa = PBXBuildFile; fileRef = 0485211726B43A9600BB62F9 /* Assets.xcassets */; };
		0485211B26B43A9600BB62F9 /* LaunchScreen.storyboard in Resources */ = {isa = PBXBuildFile; fileRef = 0485211926B43A9600BB62F9 /* LaunchScreen.storyboard */; };
		0485212726B4426F00BB62F9 /* OnBoardingViewController.swift in Sources */ = {isa = PBXBuildFile; fileRef = 0485212626B4426F00BB62F9 /* OnBoardingViewController.swift */; };
		0485212A26B4482500BB62F9 /* UIView+Extensions.swift in Sources */ = {isa = PBXBuildFile; fileRef = 0485212926B4482500BB62F9 /* UIView+Extensions.swift */; };
		0485212C26B44A0400BB62F9 /* OnBoardingSlide.swift in Sources */ = {isa = PBXBuildFile; fileRef = 0485212B26B44A0400BB62F9 /* OnBoardingSlide.swift */; };
		0485212E26B44EB200BB62F9 /* OnBoardingCollectionViewCell.swift in Sources */ = {isa = PBXBuildFile; fileRef = 0485212D26B44EB200BB62F9 /* OnBoardingCollectionViewCell.swift */; };
		04BD8E8526B4B2C40061E8A6 /* HomeViewController.swift in Sources */ = {isa = PBXBuildFile; fileRef = 04BD8E8426B4B2C40061E8A6 /* HomeViewController.swift */; };
		04BD8E8E26B4B9600061E8A6 /* CategoryCollectionViewCell.swift in Sources */ = {isa = PBXBuildFile; fileRef = 04BD8E8C26B4B9600061E8A6 /* CategoryCollectionViewCell.swift */; };
		04BD8E8F26B4B9600061E8A6 /* CategoryCollectionViewCell.xib in Resources */ = {isa = PBXBuildFile; fileRef = 04BD8E8D26B4B9600061E8A6 /* CategoryCollectionViewCell.xib */; };
		04BD8E9126B4BC960061E8A6 /* DishCategory.swift in Sources */ = {isa = PBXBuildFile; fileRef = 04BD8E9026B4BC960061E8A6 /* DishCategory.swift */; };
		04BD8EB326B57A180061E8A6 /* String+Extension.swift in Sources */ = {isa = PBXBuildFile; fileRef = 04BD8EB226B57A180061E8A6 /* String+Extension.swift */; };
		04BD8EB626B5AA120061E8A6 /* CardView.swift in Sources */ = {isa = PBXBuildFile; fileRef = 04BD8EB526B5AA120061E8A6 /* CardView.swift */; };
		40D2D8B790E9CF346E510411 /* Pods_Yummie.framework in Frameworks */ = {isa = PBXBuildFile; fileRef = 31B084B902B56408A5266389 /* Pods_Yummie.framework */; };
/* End PBXBuildFile section */

/* Begin PBXFileReference section */
		0485210B26B43A9500BB62F9 /* Yummie.app */ = {isa = PBXFileReference; explicitFileType = wrapper.application; includeInIndex = 0; path = Yummie.app; sourceTree = BUILT_PRODUCTS_DIR; };
		0485210E26B43A9500BB62F9 /* AppDelegate.swift */ = {isa = PBXFileReference; lastKnownFileType = sourcecode.swift; path = AppDelegate.swift; sourceTree = "<group>"; };
		0485211026B43A9500BB62F9 /* SceneDelegate.swift */ = {isa = PBXFileReference; lastKnownFileType = sourcecode.swift; path = SceneDelegate.swift; sourceTree = "<group>"; };
		0485211526B43A9500BB62F9 /* Base */ = {isa = PBXFileReference; lastKnownFileType = file.storyboard; name = Base; path = Base.lproj/Main.storyboard; sourceTree = "<group>"; };
		0485211726B43A9600BB62F9 /* Assets.xcassets */ = {isa = PBXFileReference; lastKnownFileType = folder.assetcatalog; path = Assets.xcassets; sourceTree = "<group>"; };
		0485211A26B43A9600BB62F9 /* Base */ = {isa = PBXFileReference; lastKnownFileType = file.storyboard; name = Base; path = Base.lproj/LaunchScreen.storyboard; sourceTree = "<group>"; };
		0485211C26B43A9600BB62F9 /* Info.plist */ = {isa = PBXFileReference; lastKnownFileType = text.plist.xml; path = Info.plist; sourceTree = "<group>"; };
		0485212626B4426F00BB62F9 /* OnBoardingViewController.swift */ = {isa = PBXFileReference; lastKnownFileType = sourcecode.swift; path = OnBoardingViewController.swift; sourceTree = "<group>"; };
		0485212926B4482500BB62F9 /* UIView+Extensions.swift */ = {isa = PBXFileReference; lastKnownFileType = sourcecode.swift; path = "UIView+Extensions.swift"; sourceTree = "<group>"; };
		0485212B26B44A0400BB62F9 /* OnBoardingSlide.swift */ = {isa = PBXFileReference; lastKnownFileType = sourcecode.swift; path = OnBoardingSlide.swift; sourceTree = "<group>"; };
		0485212D26B44EB200BB62F9 /* OnBoardingCollectionViewCell.swift */ = {isa = PBXFileReference; lastKnownFileType = sourcecode.swift; path = OnBoardingCollectionViewCell.swift; sourceTree = "<group>"; };
		04BD8E8426B4B2C40061E8A6 /* HomeViewController.swift */ = {isa = PBXFileReference; lastKnownFileType = sourcecode.swift; path = HomeViewController.swift; sourceTree = "<group>"; };
		04BD8E8C26B4B9600061E8A6 /* CategoryCollectionViewCell.swift */ = {isa = PBXFileReference; lastKnownFileType = sourcecode.swift; path = CategoryCollectionViewCell.swift; sourceTree = "<group>"; };
		04BD8E8D26B4B9600061E8A6 /* CategoryCollectionViewCell.xib */ = {isa = PBXFileReference; lastKnownFileType = file.xib; path = CategoryCollectionViewCell.xib; sourceTree = "<group>"; };
		04BD8E9026B4BC960061E8A6 /* DishCategory.swift */ = {isa = PBXFileReference; lastKnownFileType = sourcecode.swift; path = DishCategory.swift; sourceTree = "<group>"; };
		04BD8EB226B57A180061E8A6 /* String+Extension.swift */ = {isa = PBXFileReference; lastKnownFileType = sourcecode.swift; path = "String+Extension.swift"; sourceTree = "<group>"; };
		04BD8EB526B5AA120061E8A6 /* CardView.swift */ = {isa = PBXFileReference; lastKnownFileType = sourcecode.swift; path = CardView.swift; sourceTree = "<group>"; };
		31B084B902B56408A5266389 /* Pods_Yummie.framework */ = {isa = PBXFileReference; explicitFileType = wrapper.framework; includeInIndex = 0; path = Pods_Yummie.framework; sourceTree = BUILT_PRODUCTS_DIR; };
		B45E2EDBB8F75F2BC04F3962 /* Pods-Yummie.debug.xcconfig */ = {isa = PBXFileReference; includeInIndex = 1; lastKnownFileType = text.xcconfig; name = "Pods-Yummie.debug.xcconfig"; path = "Target Support Files/Pods-Yummie/Pods-Yummie.debug.xcconfig"; sourceTree = "<group>"; };
		DB57B45F506068E80B8E6174 /* Pods-Yummie.release.xcconfig */ = {isa = PBXFileReference; includeInIndex = 1; lastKnownFileType = text.xcconfig; name = "Pods-Yummie.release.xcconfig"; path = "Target Support Files/Pods-Yummie/Pods-Yummie.release.xcconfig"; sourceTree = "<group>"; };
/* End PBXFileReference section */

/* Begin PBXFrameworksBuildPhase section */
		0485210826B43A9500BB62F9 /* Frameworks */ = {
			isa = PBXFrameworksBuildPhase;
			buildActionMask = 2147483647;
			files = (
				40D2D8B790E9CF346E510411 /* Pods_Yummie.framework in Frameworks */,
			);
			runOnlyForDeploymentPostprocessing = 0;
		};
/* End PBXFrameworksBuildPhase section */

/* Begin PBXGroup section */
		0485210226B43A9500BB62F9 = {
			isa = PBXGroup;
			children = (
				0485210D26B43A9500BB62F9 /* Yummie */,
				0485210C26B43A9500BB62F9 /* Products */,
				45CFEE3EAE0974394069F15B /* Pods */,
				B95C806E9FB8AC59D08C2888 /* Frameworks */,
			);
			sourceTree = "<group>";
		};
		0485210C26B43A9500BB62F9 /* Products */ = {
			isa = PBXGroup;
			children = (
				0485210B26B43A9500BB62F9 /* Yummie.app */,
			);
			name = Products;
			sourceTree = "<group>";
		};
		0485210D26B43A9500BB62F9 /* Yummie */ = {
			isa = PBXGroup;
			children = (
				0485212826B447FE00BB62F9 /* Extensions */,
				0485212426B4421900BB62F9 /* CustomViews */,
				0485212326B441FC00BB62F9 /* Views */,
				0485212226B441DF00BB62F9 /* Models */,
				0485210E26B43A9500BB62F9 /* AppDelegate.swift */,
				0485211026B43A9500BB62F9 /* SceneDelegate.swift */,
				0485211426B43A9500BB62F9 /* Main.storyboard */,
				0485211726B43A9600BB62F9 /* Assets.xcassets */,
				0485211926B43A9600BB62F9 /* LaunchScreen.storyboard */,
				0485211C26B43A9600BB62F9 /* Info.plist */,
			);
			path = Yummie;
			sourceTree = "<group>";
		};
		0485212226B441DF00BB62F9 /* Models */ = {
			isa = PBXGroup;
			children = (
				0485212B26B44A0400BB62F9 /* OnBoardingSlide.swift */,
				04BD8E9026B4BC960061E8A6 /* DishCategory.swift */,
			);
			path = Models;
			sourceTree = "<group>";
		};
		0485212326B441FC00BB62F9 /* Views */ = {
			isa = PBXGroup;
			children = (
				04BD8E8326B4B2A80061E8A6 /* Home */,
				0485212526B4423000BB62F9 /* OnBoarding */,
			);
			path = Views;
			sourceTree = "<group>";
		};
		0485212426B4421900BB62F9 /* CustomViews */ = {
			isa = PBXGroup;
			children = (
				04BD8EB426B5A4CD0061E8A6 /* CardView */,
				04BD8E8626B4B8C70061E8A6 /* CollectionViewCells */,
			);
			path = CustomViews;
			sourceTree = "<group>";
		};
		0485212526B4423000BB62F9 /* OnBoarding */ = {
			isa = PBXGroup;
			children = (
				0485212626B4426F00BB62F9 /* OnBoardingViewController.swift */,
				0485212D26B44EB200BB62F9 /* OnBoardingCollectionViewCell.swift */,
			);
			path = OnBoarding;
			sourceTree = "<group>";
		};
		0485212826B447FE00BB62F9 /* Extensions */ = {
			isa = PBXGroup;
			children = (
				0485212926B4482500BB62F9 /* UIView+Extensions.swift */,
				04BD8EB226B57A180061E8A6 /* String+Extension.swift */,
			);
			path = Extensions;
			sourceTree = "<group>";
		};
		04BD8E8326B4B2A80061E8A6 /* Home */ = {
			isa = PBXGroup;
			children = (
				04BD8E8426B4B2C40061E8A6 /* HomeViewController.swift */,
			);
			path = Home;
			sourceTree = "<group>";
		};
		04BD8E8626B4B8C70061E8A6 /* CollectionViewCells */ = {
			isa = PBXGroup;
			children = (
				04BD8E8726B4B8EA0061E8A6 /* CategoryCollectionViewCell */,
			);
			path = CollectionViewCells;
			sourceTree = "<group>";
		};
		04BD8E8726B4B8EA0061E8A6 /* CategoryCollectionViewCell */ = {
			isa = PBXGroup;
			children = (
				04BD8E8C26B4B9600061E8A6 /* CategoryCollectionViewCell.swift */,
				04BD8E8D26B4B9600061E8A6 /* CategoryCollectionViewCell.xib */,
			);
			path = CategoryCollectionViewCell;
			sourceTree = "<group>";
		};
		04BD8EB426B5A4CD0061E8A6 /* CardView */ = {
			isa = PBXGroup;
			children = (
				04BD8EB526B5AA120061E8A6 /* CardView.swift */,
			);
			path = CardView;
			sourceTree = "<group>";
		};
		45CFEE3EAE0974394069F15B /* Pods */ = {
			isa = PBXGroup;
			children = (
				B45E2EDBB8F75F2BC04F3962 /* Pods-Yummie.debug.xcconfig */,
				DB57B45F506068E80B8E6174 /* Pods-Yummie.release.xcconfig */,
			);
			path = Pods;
			sourceTree = "<group>";
		};
		B95C806E9FB8AC59D08C2888 /* Frameworks */ = {
			isa = PBXGroup;
			children = (
				31B084B902B56408A5266389 /* Pods_Yummie.framework */,
			);
			name = Frameworks;
			sourceTree = "<group>";
		};
/* End PBXGroup section */

/* Begin PBXNativeTarget section */
		0485210A26B43A9500BB62F9 /* Yummie */ = {
			isa = PBXNativeTarget;
			buildConfigurationList = 0485211F26B43A9600BB62F9 /* Build configuration list for PBXNativeTarget "Yummie" */;
			buildPhases = (
				3715CD03CC31C5C3A635B027 /* [CP] Check Pods Manifest.lock */,
				0485210726B43A9500BB62F9 /* Sources */,
				0485210826B43A9500BB62F9 /* Frameworks */,
				0485210926B43A9500BB62F9 /* Resources */,
				3DDC4C3E94124ADEFC63B4CD /* [CP] Embed Pods Frameworks */,
			);
			buildRules = (
			);
			dependencies = (
			);
			name = Yummie;
			productName = Yummie;
			productReference = 0485210B26B43A9500BB62F9 /* Yummie.app */;
			productType = "com.apple.product-type.application";
		};
/* End PBXNativeTarget section */

/* Begin PBXProject section */
		0485210326B43A9500BB62F9 /* Project object */ = {
			isa = PBXProject;
			attributes = {
				LastSwiftUpdateCheck = 1250;
				LastUpgradeCheck = 1250;
				TargetAttributes = {
					0485210A26B43A9500BB62F9 = {
						CreatedOnToolsVersion = 12.5.1;
					};
				};
			};
			buildConfigurationList = 0485210626B43A9500BB62F9 /* Build configuration list for PBXProject "Yummie" */;
			compatibilityVersion = "Xcode 9.3";
			developmentRegion = en;
			hasScannedForEncodings = 0;
			knownRegions = (
				en,
				Base,
			);
			mainGroup = 0485210226B43A9500BB62F9;
			productRefGroup = 0485210C26B43A9500BB62F9 /* Products */;
			projectDirPath = "";
			projectRoot = "";
			targets = (
				0485210A26B43A9500BB62F9 /* Yummie */,
			);
		};
/* End PBXProject section */

/* Begin PBXResourcesBuildPhase section */
		0485210926B43A9500BB62F9 /* Resources */ = {
			isa = PBXResourcesBuildPhase;
			buildActionMask = 2147483647;
			files = (
				04BD8E8F26B4B9600061E8A6 /* CategoryCollectionViewCell.xib in Resources */,
				0485211B26B43A9600BB62F9 /* LaunchScreen.storyboard in Resources */,
				0485211826B43A9600BB62F9 /* Assets.xcassets in Resources */,
				0485211626B43A9500BB62F9 /* Main.storyboard in Resources */,
			);
			runOnlyForDeploymentPostprocessing = 0;
		};
/* End PBXResourcesBuildPhase section */

/* Begin PBXShellScriptBuildPhase section */
		3715CD03CC31C5C3A635B027 /* [CP] Check Pods Manifest.lock */ = {
			isa = PBXShellScriptBuildPhase;
			buildActionMask = 2147483647;
			files = (
			);
			inputFileListPaths = (
			);
			inputPaths = (
				"${PODS_PODFILE_DIR_PATH}/Podfile.lock",
				"${PODS_ROOT}/Manifest.lock",
			);
			name = "[CP] Check Pods Manifest.lock";
			outputFileListPaths = (
			);
			outputPaths = (
				"$(DERIVED_FILE_DIR)/Pods-Yummie-checkManifestLockResult.txt",
			);
			runOnlyForDeploymentPostprocessing = 0;
			shellPath = /bin/sh;
			shellScript = "diff \"${PODS_PODFILE_DIR_PATH}/Podfile.lock\" \"${PODS_ROOT}/Manifest.lock\" > /dev/null\nif [ $? != 0 ] ; then\n    # print error to STDERR\n    echo \"error: The sandbox is not in sync with the Podfile.lock. Run 'pod install' or update your CocoaPods installation.\" >&2\n    exit 1\nfi\n# This output is used by Xcode 'outputs' to avoid re-running this script phase.\necho \"SUCCESS\" > \"${SCRIPT_OUTPUT_FILE_0}\"\n";
			showEnvVarsInLog = 0;
		};
		3DDC4C3E94124ADEFC63B4CD /* [CP] Embed Pods Frameworks */ = {
			isa = PBXShellScriptBuildPhase;
			buildActionMask = 2147483647;
			files = (
			);
			inputFileListPaths = (
				"${PODS_ROOT}/Target Support Files/Pods-Yummie/Pods-Yummie-frameworks-${CONFIGURATION}-input-files.xcfilelist",
			);
			name = "[CP] Embed Pods Frameworks";
			outputFileListPaths = (
				"${PODS_ROOT}/Target Support Files/Pods-Yummie/Pods-Yummie-frameworks-${CONFIGURATION}-output-files.xcfilelist",
			);
			runOnlyForDeploymentPostprocessing = 0;
			shellPath = /bin/sh;
			shellScript = "\"${PODS_ROOT}/Target Support Files/Pods-Yummie/Pods-Yummie-frameworks.sh\"\n";
			showEnvVarsInLog = 0;
		};
/* End PBXShellScriptBuildPhase section */

/* Begin PBXSourcesBuildPhase section */
		0485210726B43A9500BB62F9 /* Sources */ = {
			isa = PBXSourcesBuildPhase;
			buildActionMask = 2147483647;
			files = (
				04BD8E8E26B4B9600061E8A6 /* CategoryCollectionViewCell.swift in Sources */,
				0485210F26B43A9500BB62F9 /* AppDelegate.swift in Sources */,
				0485212726B4426F00BB62F9 /* OnBoardingViewController.swift in Sources */,
				0485212A26B4482500BB62F9 /* UIView+Extensions.swift in Sources */,
				0485212E26B44EB200BB62F9 /* OnBoardingCollectionViewCell.swift in Sources */,
				0485211126B43A9500BB62F9 /* SceneDelegate.swift in Sources */,
				04BD8E8526B4B2C40061E8A6 /* HomeViewController.swift in Sources */,
				04BD8E9126B4BC960061E8A6 /* DishCategory.swift in Sources */,
				04BD8EB326B57A180061E8A6 /* String+Extension.swift in Sources */,
				04BD8EB626B5AA120061E8A6 /* CardView.swift in Sources */,
				0485212C26B44A0400BB62F9 /* OnBoardingSlide.swift in Sources */,
			);
			runOnlyForDeploymentPostprocessing = 0;
		};
/* End PBXSourcesBuildPhase section */

/* Begin PBXVariantGroup section */
		0485211426B43A9500BB62F9 /* Main.storyboard */ = {
			isa = PBXVariantGroup;
			children = (
				0485211526B43A9500BB62F9 /* Base */,
			);
			name = Main.storyboard;
			sourceTree = "<group>";
		};
		0485211926B43A9600BB62F9 /* LaunchScreen.storyboard */ = {
			isa = PBXVariantGroup;
			children = (
				0485211A26B43A9600BB62F9 /* Base */,
			);
			name = LaunchScreen.storyboard;
			sourceTree = "<group>";
		};
/* End PBXVariantGroup section */

/* Begin XCBuildConfiguration section */
		0485211D26B43A9600BB62F9 /* Debug */ = {
			isa = XCBuildConfiguration;
			buildSettings = {
				ALWAYS_SEARCH_USER_PATHS = NO;
				CLANG_ANALYZER_NONNULL = YES;
				CLANG_ANALYZER_NUMBER_OBJECT_CONVERSION = YES_AGGRESSIVE;
				CLANG_CXX_LANGUAGE_STANDARD = "gnu++14";
				CLANG_CXX_LIBRARY = "libc++";
				CLANG_ENABLE_MODULES = YES;
				CLANG_ENABLE_OBJC_ARC = YES;
				CLANG_ENABLE_OBJC_WEAK = YES;
				CLANG_WARN_BLOCK_CAPTURE_AUTORELEASING = YES;
				CLANG_WARN_BOOL_CONVERSION = YES;
				CLANG_WARN_COMMA = YES;
				CLANG_WARN_CONSTANT_CONVERSION = YES;
				CLANG_WARN_DEPRECATED_OBJC_IMPLEMENTATIONS = YES;
				CLANG_WARN_DIRECT_OBJC_ISA_USAGE = YES_ERROR;
				CLANG_WARN_DOCUMENTATION_COMMENTS = YES;
				CLANG_WARN_EMPTY_BODY = YES;
				CLANG_WARN_ENUM_CONVERSION = YES;
				CLANG_WARN_INFINITE_RECURSION = YES;
				CLANG_WARN_INT_CONVERSION = YES;
				CLANG_WARN_NON_LITERAL_NULL_CONVERSION = YES;
				CLANG_WARN_OBJC_IMPLICIT_RETAIN_SELF = YES;
				CLANG_WARN_OBJC_LITERAL_CONVERSION = YES;
				CLANG_WARN_OBJC_ROOT_CLASS = YES_ERROR;
				CLANG_WARN_QUOTED_INCLUDE_IN_FRAMEWORK_HEADER = YES;
				CLANG_WARN_RANGE_LOOP_ANALYSIS = YES;
				CLANG_WARN_STRICT_PROTOTYPES = YES;
				CLANG_WARN_SUSPICIOUS_MOVE = YES;
				CLANG_WARN_UNGUARDED_AVAILABILITY = YES_AGGRESSIVE;
				CLANG_WARN_UNREACHABLE_CODE = YES;
				CLANG_WARN__DUPLICATE_METHOD_MATCH = YES;
				COPY_PHASE_STRIP = NO;
				DEBUG_INFORMATION_FORMAT = dwarf;
				ENABLE_STRICT_OBJC_MSGSEND = YES;
				ENABLE_TESTABILITY = YES;
				GCC_C_LANGUAGE_STANDARD = gnu11;
				GCC_DYNAMIC_NO_PIC = NO;
				GCC_NO_COMMON_BLOCKS = YES;
				GCC_OPTIMIZATION_LEVEL = 0;
				GCC_PREPROCESSOR_DEFINITIONS = (
					"DEBUG=1",
					"$(inherited)",
				);
				GCC_WARN_64_TO_32_BIT_CONVERSION = YES;
				GCC_WARN_ABOUT_RETURN_TYPE = YES_ERROR;
				GCC_WARN_UNDECLARED_SELECTOR = YES;
				GCC_WARN_UNINITIALIZED_AUTOS = YES_AGGRESSIVE;
				GCC_WARN_UNUSED_FUNCTION = YES;
				GCC_WARN_UNUSED_VARIABLE = YES;
				IPHONEOS_DEPLOYMENT_TARGET = 14.5;
				MTL_ENABLE_DEBUG_INFO = INCLUDE_SOURCE;
				MTL_FAST_MATH = YES;
				ONLY_ACTIVE_ARCH = YES;
				SDKROOT = iphoneos;
				SWIFT_ACTIVE_COMPILATION_CONDITIONS = DEBUG;
				SWIFT_OPTIMIZATION_LEVEL = "-Onone";
			};
			name = Debug;
		};
		0485211E26B43A9600BB62F9 /* Release */ = {
			isa = XCBuildConfiguration;
			buildSettings = {
				ALWAYS_SEARCH_USER_PATHS = NO;
				CLANG_ANALYZER_NONNULL = YES;
				CLANG_ANALYZER_NUMBER_OBJECT_CONVERSION = YES_AGGRESSIVE;
				CLANG_CXX_LANGUAGE_STANDARD = "gnu++14";
				CLANG_CXX_LIBRARY = "libc++";
				CLANG_ENABLE_MODULES = YES;
				CLANG_ENABLE_OBJC_ARC = YES;
				CLANG_ENABLE_OBJC_WEAK = YES;
				CLANG_WARN_BLOCK_CAPTURE_AUTORELEASING = YES;
				CLANG_WARN_BOOL_CONVERSION = YES;
				CLANG_WARN_COMMA = YES;
				CLANG_WARN_CONSTANT_CONVERSION = YES;
				CLANG_WARN_DEPRECATED_OBJC_IMPLEMENTATIONS = YES;
				CLANG_WARN_DIRECT_OBJC_ISA_USAGE = YES_ERROR;
				CLANG_WARN_DOCUMENTATION_COMMENTS = YES;
				CLANG_WARN_EMPTY_BODY = YES;
				CLANG_WARN_ENUM_CONVERSION = YES;
				CLANG_WARN_INFINITE_RECURSION = YES;
				CLANG_WARN_INT_CONVERSION = YES;
				CLANG_WARN_NON_LITERAL_NULL_CONVERSION = YES;
				CLANG_WARN_OBJC_IMPLICIT_RETAIN_SELF = YES;
				CLANG_WARN_OBJC_LITERAL_CONVERSION = YES;
				CLANG_WARN_OBJC_ROOT_CLASS = YES_ERROR;
				CLANG_WARN_QUOTED_INCLUDE_IN_FRAMEWORK_HEADER = YES;
				CLANG_WARN_RANGE_LOOP_ANALYSIS = YES;
				CLANG_WARN_STRICT_PROTOTYPES = YES;
				CLANG_WARN_SUSPICIOUS_MOVE = YES;
				CLANG_WARN_UNGUARDED_AVAILABILITY = YES_AGGRESSIVE;
				CLANG_WARN_UNREACHABLE_CODE = YES;
				CLANG_WARN__DUPLICATE_METHOD_MATCH = YES;
				COPY_PHASE_STRIP = NO;
				DEBUG_INFORMATION_FORMAT = "dwarf-with-dsym";
				ENABLE_NS_ASSERTIONS = NO;
				ENABLE_STRICT_OBJC_MSGSEND = YES;
				GCC_C_LANGUAGE_STANDARD = gnu11;
				GCC_NO_COMMON_BLOCKS = YES;
				GCC_WARN_64_TO_32_BIT_CONVERSION = YES;
				GCC_WARN_ABOUT_RETURN_TYPE = YES_ERROR;
				GCC_WARN_UNDECLARED_SELECTOR = YES;
				GCC_WARN_UNINITIALIZED_AUTOS = YES_AGGRESSIVE;
				GCC_WARN_UNUSED_FUNCTION = YES;
				GCC_WARN_UNUSED_VARIABLE = YES;
				IPHONEOS_DEPLOYMENT_TARGET = 14.5;
				MTL_ENABLE_DEBUG_INFO = NO;
				MTL_FAST_MATH = YES;
				SDKROOT = iphoneos;
				SWIFT_COMPILATION_MODE = wholemodule;
				SWIFT_OPTIMIZATION_LEVEL = "-O";
				VALIDATE_PRODUCT = YES;
			};
			name = Release;
		};
		0485212026B43A9600BB62F9 /* Debug */ = {
			isa = XCBuildConfiguration;
			baseConfigurationReference = B45E2EDBB8F75F2BC04F3962 /* Pods-Yummie.debug.xcconfig */;
			buildSettings = {
				ASSETCATALOG_COMPILER_APPICON_NAME = AppIcon;
				ASSETCATALOG_COMPILER_GLOBAL_ACCENT_COLOR_NAME = AccentColor;
				CODE_SIGN_STYLE = Automatic;
				INFOPLIST_FILE = Yummie/Info.plist;
				LD_RUNPATH_SEARCH_PATHS = (
					"$(inherited)",
					"@executable_path/Frameworks",
				);
				PRODUCT_BUNDLE_IDENTIFIER = com.iCoderHub.Yummie;
				PRODUCT_NAME = "$(TARGET_NAME)";
				SWIFT_VERSION = 5.0;
				TARGETED_DEVICE_FAMILY = "1,2";
			};
			name = Debug;
		};
		0485212126B43A9600BB62F9 /* Release */ = {
			isa = XCBuildConfiguration;
			baseConfigurationReference = DB57B45F506068E80B8E6174 /* Pods-Yummie.release.xcconfig */;
			buildSettings = {
				ASSETCATALOG_COMPILER_APPICON_NAME = AppIcon;
				ASSETCATALOG_COMPILER_GLOBAL_ACCENT_COLOR_NAME = AccentColor;
				CODE_SIGN_STYLE = Automatic;
				INFOPLIST_FILE = Yummie/Info.plist;
				LD_RUNPATH_SEARCH_PATHS = (
					"$(inherited)",
					"@executable_path/Frameworks",
				);
				PRODUCT_BUNDLE_IDENTIFIER = com.iCoderHub.Yummie;
				PRODUCT_NAME = "$(TARGET_NAME)";
				SWIFT_VERSION = 5.0;
				TARGETED_DEVICE_FAMILY = "1,2";
			};
			name = Release;
		};
/* End XCBuildConfiguration section */

/* Begin XCConfigurationList section */
		0485210626B43A9500BB62F9 /* Build configuration list for PBXProject "Yummie" */ = {
			isa = XCConfigurationList;
			buildConfigurations = (
				0485211D26B43A9600BB62F9 /* Debug */,
				0485211E26B43A9600BB62F9 /* Release */,
			);
			defaultConfigurationIsVisible = 0;
			defaultConfigurationName = Release;
		};
		0485211F26B43A9600BB62F9 /* Build configuration list for PBXNativeTarget "Yummie" */ = {
			isa = XCConfigurationList;
			buildConfigurations = (
				0485212026B43A9600BB62F9 /* Debug */,
				0485212126B43A9600BB62F9 /* Release */,
			);
			defaultConfigurationIsVisible = 0;
			defaultConfigurationName = Release;
		};
/* End XCConfigurationList section */
	};
	rootObject = 0485210326B43A9500BB62F9 /* Project object */;
}
